
Microsoft Visual Studio Solution File, Format Version 12.00
# Visual Studio Version 16
VisualStudioVersion = 16.0.32802.440
MinimumVisualStudioVersion = 10.0.40219.1
Project("{8BC9CEB8-8B4A-11D0-8D11-00A0C91BC942}") = "MessangerServer", "MessangerServer\MessangerServer.vcxproj", "{CEE84914-4582-4B02-9431-C6B5146E00EA}"
EndProject
Global
	GlobalSection(SolutionConfigurationPlatforms) = preSolution
		Debug|x64 = Debug|x64
		Debug|x86 = Debug|x86
		Release|x64 = Release|x64
		Release|x86 = Release|x86
	EndGlobalSection
	GlobalSection(ProjectConfigurationPlatforms) = postSolution
		{CEE84914-4582-4B02-9431-C6B5146E00EA}.Debug|x64.ActiveCfg = Debug|x64
		{CEE84914-4582-4B02-9431-C6B5146E00EA}.Debug|x64.Build.0 = Debug|x64
		{CEE84914-4582-4B02-9431-C6B5146E00EA}.Debug|x86.ActiveCfg = Debug|Win32
		{CEE84914-4582-4B02-9431-C6B5146E00EA}.Debug|x86.Build.0 = Debug|Win32
		{CEE84914-4582-4B02-9431-C6B5146E00EA}.Release|x64.ActiveCfg = Release|x64
		{CEE84914-4582-4B02-9431-C6B5146E00EA}.Release|x64.Build.0 = Release|x64
		{CEE84914-4582-4B02-9431-C6B5146E00EA}.Release|x86.ActiveCfg = Release|Win32
		{CEE84914-4582-4B02-9431-C6B5146E00EA}.Release|x86.Build.0 = Release|Win32
	EndGlobalSection
	GlobalSection(SolutionProperties) = preSolution
		HideSolutionNode = FALSE
	EndGlobalSection
	GlobalSection(ExtensibilityGlobals) = postSolution
		SolutionGuid = {D9F5B4B6-9C57-40AE-81B9-393A9519CFC5}
	EndGlobalSection
EndGlobal
